
Microsoft Visual Studio Solution File, Format Version 12.00
# Visual Studio 15
VisualStudioVersion = 15.0.26730.15
MinimumVisualStudioVersion = 10.0.40219.1
Project("{2150E333-8FDC-42A3-9474-1A3956D46DE8}") = "src", "src", "{7CF36276-6291-4E6F-B8A1-7A579004A379}"
EndProject
Project("{2150E333-8FDC-42A3-9474-1A3956D46DE8}") = "test", "test", "{0DAE33D8-454A-46F6-81C7-3BF56BA591C5}"
EndProject
Project("{9A19103F-16F7-4668-BE54-9A1E7A4F7556}") = "Npgsql.CrateDb", "src\Npgsql.CrateDb\Npgsql.CrateDb.csproj", "{276774CD-9269-4F99-89EC-D8D6371869AA}"
EndProject
Project("{9A19103F-16F7-4668-BE54-9A1E7A4F7556}") = "Npgsql.CrateDbTests", "test\Npgsql.CrateDbTests\Npgsql.CrateDbTests.csproj", "{B7245AC0-A91D-4FF2-994A-E34BC06ABA0C}"
EndProject
Project("{9A19103F-16F7-4668-BE54-9A1E7A4F7556}") = "Npgsql", "npgsql\src\Npgsql\Npgsql.csproj", "{12530E2E-A575-416F-891E-262CE33516D4}"
EndProject
Project("{2150E333-8FDC-42A3-9474-1A3956D46DE8}") = "Solution Items", "Solution Items", "{52637770-65AE-491C-8B34-05151D034EA8}"
	ProjectSection(SolutionItems) = preProject
		README.md = README.md
	EndProjectSection
EndProject
Project("{930C7802-8A8C-48F9-8165-68863BCCD9DD}") = "GacInstaller", "src\Installer\GacInstaller.wixproj", "{D2BB8ABA-7599-4941-84E4-A10C9B277936}"
EndProject
Global
	GlobalSection(SolutionConfigurationPlatforms) = preSolution
		Debug|Any CPU = Debug|Any CPU
		Debug|x86 = Debug|x86
		DebugOptimizedCryptography|Any CPU = DebugOptimizedCryptography|Any CPU
		DebugOptimizedCryptography|x86 = DebugOptimizedCryptography|x86
		Release|Any CPU = Release|Any CPU
		Release|x86 = Release|x86
		ReleaseOptimizedCryptography|Any CPU = ReleaseOptimizedCryptography|Any CPU
		ReleaseOptimizedCryptography|x86 = ReleaseOptimizedCryptography|x86
	EndGlobalSection
	GlobalSection(ProjectConfigurationPlatforms) = postSolution
		{276774CD-9269-4F99-89EC-D8D6371869AA}.Debug|Any CPU.ActiveCfg = Debug|Any CPU
		{276774CD-9269-4F99-89EC-D8D6371869AA}.Debug|Any CPU.Build.0 = Debug|Any CPU
		{276774CD-9269-4F99-89EC-D8D6371869AA}.Debug|x86.ActiveCfg = Debug|Any CPU
		{276774CD-9269-4F99-89EC-D8D6371869AA}.Debug|x86.Build.0 = Debug|Any CPU
		{276774CD-9269-4F99-89EC-D8D6371869AA}.DebugOptimizedCryptography|Any CPU.ActiveCfg = Debug|Any CPU
		{276774CD-9269-4F99-89EC-D8D6371869AA}.DebugOptimizedCryptography|Any CPU.Build.0 = Debug|Any CPU
		{276774CD-9269-4F99-89EC-D8D6371869AA}.DebugOptimizedCryptography|x86.ActiveCfg = Debug|Any CPU
		{276774CD-9269-4F99-89EC-D8D6371869AA}.DebugOptimizedCryptography|x86.Build.0 = Debug|Any CPU
		{276774CD-9269-4F99-89EC-D8D6371869AA}.Release|Any CPU.ActiveCfg = Release|Any CPU
		{276774CD-9269-4F99-89EC-D8D6371869AA}.Release|Any CPU.Build.0 = Release|Any CPU
		{276774CD-9269-4F99-89EC-D8D6371869AA}.Release|x86.ActiveCfg = Release|Any CPU
		{276774CD-9269-4F99-89EC-D8D6371869AA}.Release|x86.Build.0 = Release|Any CPU
		{276774CD-9269-4F99-89EC-D8D6371869AA}.ReleaseOptimizedCryptography|Any CPU.ActiveCfg = Release|Any CPU
		{276774CD-9269-4F99-89EC-D8D6371869AA}.ReleaseOptimizedCryptography|Any CPU.Build.0 = Release|Any CPU
		{276774CD-9269-4F99-89EC-D8D6371869AA}.ReleaseOptimizedCryptography|x86.ActiveCfg = Release|Any CPU
		{276774CD-9269-4F99-89EC-D8D6371869AA}.ReleaseOptimizedCryptography|x86.Build.0 = Release|Any CPU
		{B7245AC0-A91D-4FF2-994A-E34BC06ABA0C}.Debug|Any CPU.ActiveCfg = Debug|Any CPU
		{B7245AC0-A91D-4FF2-994A-E34BC06ABA0C}.Debug|Any CPU.Build.0 = Debug|Any CPU
		{B7245AC0-A91D-4FF2-994A-E34BC06ABA0C}.Debug|x86.ActiveCfg = Debug|Any CPU
		{B7245AC0-A91D-4FF2-994A-E34BC06ABA0C}.Debug|x86.Build.0 = Debug|Any CPU
		{B7245AC0-A91D-4FF2-994A-E34BC06ABA0C}.DebugOptimizedCryptography|Any CPU.ActiveCfg = Debug|Any CPU
		{B7245AC0-A91D-4FF2-994A-E34BC06ABA0C}.DebugOptimizedCryptography|Any CPU.Build.0 = Debug|Any CPU
		{B7245AC0-A91D-4FF2-994A-E34BC06ABA0C}.DebugOptimizedCryptography|x86.ActiveCfg = Debug|Any CPU
		{B7245AC0-A91D-4FF2-994A-E34BC06ABA0C}.DebugOptimizedCryptography|x86.Build.0 = Debug|Any CPU
		{B7245AC0-A91D-4FF2-994A-E34BC06ABA0C}.Release|Any CPU.ActiveCfg = Release|Any CPU
		{B7245AC0-A91D-4FF2-994A-E34BC06ABA0C}.Release|Any CPU.Build.0 = Release|Any CPU
		{B7245AC0-A91D-4FF2-994A-E34BC06ABA0C}.Release|x86.ActiveCfg = Release|Any CPU
		{B7245AC0-A91D-4FF2-994A-E34BC06ABA0C}.Release|x86.Build.0 = Release|Any CPU
		{B7245AC0-A91D-4FF2-994A-E34BC06ABA0C}.ReleaseOptimizedCryptography|Any CPU.ActiveCfg = Release|Any CPU
		{B7245AC0-A91D-4FF2-994A-E34BC06ABA0C}.ReleaseOptimizedCryptography|Any CPU.Build.0 = Release|Any CPU
		{B7245AC0-A91D-4FF2-994A-E34BC06ABA0C}.ReleaseOptimizedCryptography|x86.ActiveCfg = Release|Any CPU
		{B7245AC0-A91D-4FF2-994A-E34BC06ABA0C}.ReleaseOptimizedCryptography|x86.Build.0 = Release|Any CPU
		{12530E2E-A575-416F-891E-262CE33516D4}.Debug|Any CPU.ActiveCfg = Debug|Any CPU
		{12530E2E-A575-416F-891E-262CE33516D4}.Debug|Any CPU.Build.0 = Debug|Any CPU
		{12530E2E-A575-416F-891E-262CE33516D4}.Debug|x86.ActiveCfg = Debug|Any CPU
		{12530E2E-A575-416F-891E-262CE33516D4}.Debug|x86.Build.0 = Debug|Any CPU
		{12530E2E-A575-416F-891E-262CE33516D4}.DebugOptimizedCryptography|Any CPU.ActiveCfg = Debug|Any CPU
		{12530E2E-A575-416F-891E-262CE33516D4}.DebugOptimizedCryptography|Any CPU.Build.0 = Debug|Any CPU
		{12530E2E-A575-416F-891E-262CE33516D4}.DebugOptimizedCryptography|x86.ActiveCfg = Debug|Any CPU
		{12530E2E-A575-416F-891E-262CE33516D4}.DebugOptimizedCryptography|x86.Build.0 = Debug|Any CPU
		{12530E2E-A575-416F-891E-262CE33516D4}.Release|Any CPU.ActiveCfg = Release|Any CPU
		{12530E2E-A575-416F-891E-262CE33516D4}.Release|Any CPU.Build.0 = Release|Any CPU
		{12530E2E-A575-416F-891E-262CE33516D4}.Release|x86.ActiveCfg = Release|Any CPU
		{12530E2E-A575-416F-891E-262CE33516D4}.Release|x86.Build.0 = Release|Any CPU
		{12530E2E-A575-416F-891E-262CE33516D4}.ReleaseOptimizedCryptography|Any CPU.ActiveCfg = Release|Any CPU
		{12530E2E-A575-416F-891E-262CE33516D4}.ReleaseOptimizedCryptography|Any CPU.Build.0 = Release|Any CPU
		{12530E2E-A575-416F-891E-262CE33516D4}.ReleaseOptimizedCryptography|x86.ActiveCfg = Release|Any CPU
		{12530E2E-A575-416F-891E-262CE33516D4}.ReleaseOptimizedCryptography|x86.Build.0 = Release|Any CPU
		{D2BB8ABA-7599-4941-84E4-A10C9B277936}.Debug|Any CPU.ActiveCfg = Debug|x86
		{D2BB8ABA-7599-4941-84E4-A10C9B277936}.Debug|x86.ActiveCfg = Debug|x86
		{D2BB8ABA-7599-4941-84E4-A10C9B277936}.Debug|x86.Build.0 = Debug|x86
		{D2BB8ABA-7599-4941-84E4-A10C9B277936}.DebugOptimizedCryptography|Any CPU.ActiveCfg = Release|x86
		{D2BB8ABA-7599-4941-84E4-A10C9B277936}.DebugOptimizedCryptography|Any CPU.Build.0 = Release|x86
		{D2BB8ABA-7599-4941-84E4-A10C9B277936}.DebugOptimizedCryptography|x86.ActiveCfg = Debug|x86
		{D2BB8ABA-7599-4941-84E4-A10C9B277936}.DebugOptimizedCryptography|x86.Build.0 = Debug|x86
		{D2BB8ABA-7599-4941-84E4-A10C9B277936}.Release|Any CPU.ActiveCfg = Release|x86
		{D2BB8ABA-7599-4941-84E4-A10C9B277936}.Release|x86.ActiveCfg = Release|x86
		{D2BB8ABA-7599-4941-84E4-A10C9B277936}.Release|x86.Build.0 = Release|x86
		{D2BB8ABA-7599-4941-84E4-A10C9B277936}.ReleaseOptimizedCryptography|Any CPU.ActiveCfg = Release|x86
		{D2BB8ABA-7599-4941-84E4-A10C9B277936}.ReleaseOptimizedCryptography|Any CPU.Build.0 = Release|x86
		{D2BB8ABA-7599-4941-84E4-A10C9B277936}.ReleaseOptimizedCryptography|x86.ActiveCfg = Release|x86
		{D2BB8ABA-7599-4941-84E4-A10C9B277936}.ReleaseOptimizedCryptography|x86.Build.0 = Release|x86
	EndGlobalSection
	GlobalSection(SolutionProperties) = preSolution
		HideSolutionNode = FALSE
	EndGlobalSection
	GlobalSection(NestedProjects) = preSolution
		{276774CD-9269-4F99-89EC-D8D6371869AA} = {7CF36276-6291-4E6F-B8A1-7A579004A379}
		{B7245AC0-A91D-4FF2-994A-E34BC06ABA0C} = {0DAE33D8-454A-46F6-81C7-3BF56BA591C5}
		{12530E2E-A575-416F-891E-262CE33516D4} = {7CF36276-6291-4E6F-B8A1-7A579004A379}
		{D2BB8ABA-7599-4941-84E4-A10C9B277936} = {7CF36276-6291-4E6F-B8A1-7A579004A379}
	EndGlobalSection
	GlobalSection(ExtensibilityGlobals) = postSolution
		SolutionGuid = {37AB6386-EC23-4573-896F-48D0FAFC3059}
	EndGlobalSection
EndGlobal
